
Microsoft Visual Studio Solution File, Format Version 11.00
# Visual Studio 2010
Project("{FAE04EC0-301F-11D3-BF4B-00C04F79EFBC}") = "Assembly-CSharp", "Assembly-CSharp.csproj", "{42cef672-0882-389e-bccc-4ee38c289c43}"
EndProject
Project("{FAE04EC0-301F-11D3-BF4B-00C04F79EFBC}") = "Assembly-CSharp-firstpass", "Assembly-CSharp-firstpass.csproj", "{0111184e-057f-46f7-fb7f-b8c1f712f8bc}"
EndProject
Project("{FAE04EC0-301F-11D3-BF4B-00C04F79EFBC}") = "Assembly-CSharp-Editor", "Assembly-CSharp-Editor.csproj", "{1e993b86-c75a-e63c-dbef-11f8d3b58cf1}"
EndProject
Global
	GlobalSection(SolutionConfigurationPlatforms) = preSolution
		Debug|Any CPU = Debug|Any CPU
		Release|Any CPU = Release|Any CPU
	EndGlobalSection
	GlobalSection(ProjectConfigurationPlatforms) = postSolution
		{42cef672-0882-389e-bccc-4ee38c289c43}.Debug|Any CPU.ActiveCfg = Debug|Any CPU
		{42cef672-0882-389e-bccc-4ee38c289c43}.Debug|Any CPU.Build.0 = Debug|Any CPU
		{42cef672-0882-389e-bccc-4ee38c289c43}.Release|Any CPU.ActiveCfg = Release|Any CPU
		{42cef672-0882-389e-bccc-4ee38c289c43}.Release|Any CPU.Build.0 = Release|Any CPU
		{0111184e-057f-46f7-fb7f-b8c1f712f8bc}.Debug|Any CPU.ActiveCfg = Debug|Any CPU
		{0111184e-057f-46f7-fb7f-b8c1f712f8bc}.Debug|Any CPU.Build.0 = Debug|Any CPU
		{0111184e-057f-46f7-fb7f-b8c1f712f8bc}.Release|Any CPU.ActiveCfg = Release|Any CPU
		{0111184e-057f-46f7-fb7f-b8c1f712f8bc}.Release|Any CPU.Build.0 = Release|Any CPU
		{1e993b86-c75a-e63c-dbef-11f8d3b58cf1}.Debug|Any CPU.ActiveCfg = Debug|Any CPU
		{1e993b86-c75a-e63c-dbef-11f8d3b58cf1}.Debug|Any CPU.Build.0 = Debug|Any CPU
		{1e993b86-c75a-e63c-dbef-11f8d3b58cf1}.Release|Any CPU.ActiveCfg = Release|Any CPU
		{1e993b86-c75a-e63c-dbef-11f8d3b58cf1}.Release|Any CPU.Build.0 = Release|Any CPU
	EndGlobalSection
	GlobalSection(SolutionProperties) = preSolution
		HideSolutionNode = FALSE
	EndGlobalSection
EndGlobal
